
Microsoft Visual Studio Solution File, Format Version 12.00
# Visual Studio 14
VisualStudioVersion = 14.0.25123.0
MinimumVisualStudioVersion = 10.0.40219.1
Project("{2150E333-8FDC-42A3-9474-1A3956D46DE8}") = "data", "data", "{B679F7C1-1A79-483F-881B-9766486D6913}"
EndProject
Project("{FAE04EC0-301F-11D3-BF4B-00C04F79EFBC}") = "com.wer.sc.data", "com.wer.sc.data\com.wer.sc.data.csproj", "{1EE9E83B-FD37-42FA-A263-EEE93479AD45}"
EndProject
Project("{2150E333-8FDC-42A3-9474-1A3956D46DE8}") = "ana", "ana", "{4167B6D6-9FDE-4B03-88B2-8C03E6B9BB7A}"
EndProject
Project("{FAE04EC0-301F-11D3-BF4B-00C04F79EFBC}") = "com.wer.sc.ana", "com.wer.sc.ana\com.wer.sc.ana.csproj", "{0ACF6F33-A700-47FD-AA61-5E0B3B4B8F80}"
EndProject
Project("{FAE04EC0-301F-11D3-BF4B-00C04F79EFBC}") = "com.wer.sc.data.test", "com.wer.sc.data.test\com.wer.sc.data.test.csproj", "{BFF52B2B-D048-47A2-B3E3-029F057D5508}"
EndProject
Project("{2150E333-8FDC-42A3-9474-1A3956D46DE8}") = "common", "common", "{FF834286-A32A-4231-87B2-CECC0A7BE243}"
EndProject
Project("{FAE04EC0-301F-11D3-BF4B-00C04F79EFBC}") = "com.wer.sc.utils", "com.wer.sc.utils\com.wer.sc.utils.csproj", "{6A9E6268-E856-4072-8B74-06F710D5CA33}"
EndProject
Project("{2150E333-8FDC-42A3-9474-1A3956D46DE8}") = "plugin", "plugin", "{7B5FA24B-DACA-4FD3-AEC1-83A907D378F3}"
EndProject
Project("{FAE04EC0-301F-11D3-BF4B-00C04F79EFBC}") = "com.wer.sc.plugin", "com.wer.sc.plugin\com.wer.sc.plugin.csproj", "{B8955457-F108-4060-A35B-69B482A19AB6}"
EndProject
Project("{2150E333-8FDC-42A3-9474-1A3956D46DE8}") = "data", "data", "{A35141A9-B1B8-48BA-9395-112FEF88158D}"
EndProject
Project("{FAE04EC0-301F-11D3-BF4B-00C04F79EFBC}") = "com.wer.sc.plugin.test", "com.wer.sc.plugin.test\com.wer.sc.plugin.test.csproj", "{F452AE5A-D1B5-4A14-97D0-9E323E2C0871}"
EndProject
Project("{2150E333-8FDC-42A3-9474-1A3956D46DE8}") = "app", "app", "{C570A20C-22AE-4818-B368-761462546588}"
EndProject
Project("{FAE04EC0-301F-11D3-BF4B-00C04F79EFBC}") = "com.wer.sc.app", "com.wer.sc.app\com.wer.sc.app.csproj", "{B7F5815A-0E6D-4A6E-9520-3430B48E2A51}"
EndProject
Project("{FAE04EC0-301F-11D3-BF4B-00C04F79EFBC}") = "com.wer.sc.data.cnfutures", "plugins\com.wer.sc.data.cnfutures\com.wer.sc.data.cnfutures.csproj", "{EE24EFD7-A046-46E6-8A16-9640D85CB96A}"
EndProject
Project("{FAE04EC0-301F-11D3-BF4B-00C04F79EFBC}") = "com.wer.sc.data.cnfutures.test", "plugins\com.wer.sc.data.cnfutures.test\com.wer.sc.data.cnfutures.test.csproj", "{83769E79-3760-4F70-A9CE-14B92B7428DA}"
EndProject
Project("{FAE04EC0-301F-11D3-BF4B-00C04F79EFBC}") = "com.wer.sc.data.cnstock", "plugins\com.wer.sc.data.cnstock\com.wer.sc.data.cnstock.csproj", "{F245EAFB-37AA-4CC0-A36D-25340799F93B}"
EndProject
Project("{FAE04EC0-301F-11D3-BF4B-00C04F79EFBC}") = "com.wer.sc.console", "com.wer.sc.console\com.wer.sc.console.csproj", "{34800AED-055A-4374-A279-18F834B17EBC}"
EndProject
Project("{FAE04EC0-301F-11D3-BF4B-00C04F79EFBC}") = "com.wer.sc.ana.test", "com.wer.sc.ana.test\com.wer.sc.ana.test.csproj", "{3ACDA348-EB68-487B-B76B-DB5BAC9318F5}"
EndProject
Project("{2150E333-8FDC-42A3-9474-1A3956D46DE8}") = "ana", "ana", "{85FDDC41-FC4F-4119-BD40-6C6E2995DFE0}"
EndProject
Project("{FAE04EC0-301F-11D3-BF4B-00C04F79EFBC}") = "com.wer.sc.ana.model", "com.wer.sc.ana.model\com.wer.sc.ana.model.csproj", "{A4E7F6C5-21E5-452C-8C1A-A43D0B4F6FBF}"
EndProject
Project("{FAE04EC0-301F-11D3-BF4B-00C04F79EFBC}") = "com.wer.sc.ana.model.test", "com.wer.sc.ana.model.test\com.wer.sc.ana.model.test.csproj", "{D3D21B45-26B4-4A04-84B0-71FB4195436D}"
EndProject
Project("{2150E333-8FDC-42A3-9474-1A3956D46DE8}") = "ui", "ui", "{A2794EA0-6309-4CEF-9D32-6FC0BC5A8D45}"
EndProject
Project("{FAE04EC0-301F-11D3-BF4B-00C04F79EFBC}") = "com.wer.sc.comp", "com.wer.sc.comp\com.wer.sc.comp.csproj", "{9898BD8E-1DB1-4EC5-9AF8-220B9055981C}"
EndProject
Project("{FAE04EC0-301F-11D3-BF4B-00C04F79EFBC}") = "com.wer.sc.comp.test", "com.wer.sc.comp.test\com.wer.sc.comp.test.csproj", "{1576ABF4-6E4E-4ADA-8A88-8F4544BD9870}"
EndProject
Project("{FAE04EC0-301F-11D3-BF4B-00C04F79EFBC}") = "com.wer.sc.ui", "com.wer.sc.ui\com.wer.sc.ui.csproj", "{22A41E52-F75A-4477-BD4D-D763DF67CD80}"
EndProject
Project("{FAE04EC0-301F-11D3-BF4B-00C04F79EFBC}") = "com.wer.sc.data.cnfutures.generator", "com.wer.sc.data.cnfutures.transfer\com.wer.sc.data.cnfutures.generator.csproj", "{B165E5A1-6ACA-4C8B-BD89-FE064209A893}"
EndProject
Project("{FAE04EC0-301F-11D3-BF4B-00C04F79EFBC}") = "com.wer.sc.data.cnfutures.generator.test", "com.wer.sc.data.cnfutures.transfer.test\com.wer.sc.data.cnfutures.generator.test.csproj", "{9012BAC2-D754-4B94-86C8-FBC752D6ADDC}"
EndProject
Project("{FAE04EC0-301F-11D3-BF4B-00C04F79EFBC}") = "com.wer.sc.data.generator", "com.wer.sc.data.generator\com.wer.sc.data.generator.csproj", "{2E08820B-F1E9-4062-A6A3-8815DBB86576}"
EndProject
Project("{FAE04EC0-301F-11D3-BF4B-00C04F79EFBC}") = "com.wer.sc.data.check", "com.wer.sc.data.check\com.wer.sc.data.check.csproj", "{F3254331-23DF-4CBC-8DCC-5A5770BA5969}"
EndProject
Global
	GlobalSection(SolutionConfigurationPlatforms) = preSolution
		Debug|Any CPU = Debug|Any CPU
		Debug|x64 = Debug|x64
		Debug|x86 = Debug|x86
		Release|Any CPU = Release|Any CPU
		Release|x64 = Release|x64
		Release|x86 = Release|x86
	EndGlobalSection
	GlobalSection(ProjectConfigurationPlatforms) = postSolution
		{1EE9E83B-FD37-42FA-A263-EEE93479AD45}.Debug|Any CPU.ActiveCfg = Debug|Any CPU
		{1EE9E83B-FD37-42FA-A263-EEE93479AD45}.Debug|Any CPU.Build.0 = Debug|Any CPU
		{1EE9E83B-FD37-42FA-A263-EEE93479AD45}.Debug|x64.ActiveCfg = Debug|Any CPU
		{1EE9E83B-FD37-42FA-A263-EEE93479AD45}.Debug|x64.Build.0 = Debug|Any CPU
		{1EE9E83B-FD37-42FA-A263-EEE93479AD45}.Debug|x86.ActiveCfg = Debug|Any CPU
		{1EE9E83B-FD37-42FA-A263-EEE93479AD45}.Debug|x86.Build.0 = Debug|Any CPU
		{1EE9E83B-FD37-42FA-A263-EEE93479AD45}.Release|Any CPU.ActiveCfg = Release|Any CPU
		{1EE9E83B-FD37-42FA-A263-EEE93479AD45}.Release|Any CPU.Build.0 = Release|Any CPU
		{1EE9E83B-FD37-42FA-A263-EEE93479AD45}.Release|x64.ActiveCfg = Release|Any CPU
		{1EE9E83B-FD37-42FA-A263-EEE93479AD45}.Release|x64.Build.0 = Release|Any CPU
		{1EE9E83B-FD37-42FA-A263-EEE93479AD45}.Release|x86.ActiveCfg = Release|Any CPU
		{1EE9E83B-FD37-42FA-A263-EEE93479AD45}.Release|x86.Build.0 = Release|Any CPU
		{0ACF6F33-A700-47FD-AA61-5E0B3B4B8F80}.Debug|Any CPU.ActiveCfg = Debug|Any CPU
		{0ACF6F33-A700-47FD-AA61-5E0B3B4B8F80}.Debug|Any CPU.Build.0 = Debug|Any CPU
		{0ACF6F33-A700-47FD-AA61-5E0B3B4B8F80}.Debug|x64.ActiveCfg = Debug|Any CPU
		{0ACF6F33-A700-47FD-AA61-5E0B3B4B8F80}.Debug|x64.Build.0 = Debug|Any CPU
		{0ACF6F33-A700-47FD-AA61-5E0B3B4B8F80}.Debug|x86.ActiveCfg = Debug|Any CPU
		{0ACF6F33-A700-47FD-AA61-5E0B3B4B8F80}.Debug|x86.Build.0 = Debug|Any CPU
		{0ACF6F33-A700-47FD-AA61-5E0B3B4B8F80}.Release|Any CPU.ActiveCfg = Release|Any CPU
		{0ACF6F33-A700-47FD-AA61-5E0B3B4B8F80}.Release|Any CPU.Build.0 = Release|Any CPU
		{0ACF6F33-A700-47FD-AA61-5E0B3B4B8F80}.Release|x64.ActiveCfg = Release|Any CPU
		{0ACF6F33-A700-47FD-AA61-5E0B3B4B8F80}.Release|x64.Build.0 = Release|Any CPU
		{0ACF6F33-A700-47FD-AA61-5E0B3B4B8F80}.Release|x86.ActiveCfg = Release|Any CPU
		{0ACF6F33-A700-47FD-AA61-5E0B3B4B8F80}.Release|x86.Build.0 = Release|Any CPU
		{BFF52B2B-D048-47A2-B3E3-029F057D5508}.Debug|Any CPU.ActiveCfg = Debug|Any CPU
		{BFF52B2B-D048-47A2-B3E3-029F057D5508}.Debug|Any CPU.Build.0 = Debug|Any CPU
		{BFF52B2B-D048-47A2-B3E3-029F057D5508}.Debug|x64.ActiveCfg = Debug|Any CPU
		{BFF52B2B-D048-47A2-B3E3-029F057D5508}.Debug|x64.Build.0 = Debug|Any CPU
		{BFF52B2B-D048-47A2-B3E3-029F057D5508}.Debug|x86.ActiveCfg = Debug|Any CPU
		{BFF52B2B-D048-47A2-B3E3-029F057D5508}.Debug|x86.Build.0 = Debug|Any CPU
		{BFF52B2B-D048-47A2-B3E3-029F057D5508}.Release|Any CPU.ActiveCfg = Release|Any CPU
		{BFF52B2B-D048-47A2-B3E3-029F057D5508}.Release|Any CPU.Build.0 = Release|Any CPU
		{BFF52B2B-D048-47A2-B3E3-029F057D5508}.Release|x64.ActiveCfg = Release|Any CPU
		{BFF52B2B-D048-47A2-B3E3-029F057D5508}.Release|x64.Build.0 = Release|Any CPU
		{BFF52B2B-D048-47A2-B3E3-029F057D5508}.Release|x86.ActiveCfg = Release|Any CPU
		{BFF52B2B-D048-47A2-B3E3-029F057D5508}.Release|x86.Build.0 = Release|Any CPU
		{6A9E6268-E856-4072-8B74-06F710D5CA33}.Debug|Any CPU.ActiveCfg = Debug|Any CPU
		{6A9E6268-E856-4072-8B74-06F710D5CA33}.Debug|Any CPU.Build.0 = Debug|Any CPU
		{6A9E6268-E856-4072-8B74-06F710D5CA33}.Debug|x64.ActiveCfg = Debug|Any CPU
		{6A9E6268-E856-4072-8B74-06F710D5CA33}.Debug|x64.Build.0 = Debug|Any CPU
		{6A9E6268-E856-4072-8B74-06F710D5CA33}.Debug|x86.ActiveCfg = Debug|Any CPU
		{6A9E6268-E856-4072-8B74-06F710D5CA33}.Debug|x86.Build.0 = Debug|Any CPU
		{6A9E6268-E856-4072-8B74-06F710D5CA33}.Release|Any CPU.ActiveCfg = Release|Any CPU
		{6A9E6268-E856-4072-8B74-06F710D5CA33}.Release|Any CPU.Build.0 = Release|Any CPU
		{6A9E6268-E856-4072-8B74-06F710D5CA33}.Release|x64.ActiveCfg = Release|Any CPU
		{6A9E6268-E856-4072-8B74-06F710D5CA33}.Release|x64.Build.0 = Release|Any CPU
		{6A9E6268-E856-4072-8B74-06F710D5CA33}.Release|x86.ActiveCfg = Release|Any CPU
		{6A9E6268-E856-4072-8B74-06F710D5CA33}.Release|x86.Build.0 = Release|Any CPU
		{B8955457-F108-4060-A35B-69B482A19AB6}.Debug|Any CPU.ActiveCfg = Debug|Any CPU
		{B8955457-F108-4060-A35B-69B482A19AB6}.Debug|Any CPU.Build.0 = Debug|Any CPU
		{B8955457-F108-4060-A35B-69B482A19AB6}.Debug|x64.ActiveCfg = Debug|Any CPU
		{B8955457-F108-4060-A35B-69B482A19AB6}.Debug|x64.Build.0 = Debug|Any CPU
		{B8955457-F108-4060-A35B-69B482A19AB6}.Debug|x86.ActiveCfg = Debug|Any CPU
		{B8955457-F108-4060-A35B-69B482A19AB6}.Debug|x86.Build.0 = Debug|Any CPU
		{B8955457-F108-4060-A35B-69B482A19AB6}.Release|Any CPU.ActiveCfg = Release|Any CPU
		{B8955457-F108-4060-A35B-69B482A19AB6}.Release|Any CPU.Build.0 = Release|Any CPU
		{B8955457-F108-4060-A35B-69B482A19AB6}.Release|x64.ActiveCfg = Release|Any CPU
		{B8955457-F108-4060-A35B-69B482A19AB6}.Release|x64.Build.0 = Release|Any CPU
		{B8955457-F108-4060-A35B-69B482A19AB6}.Release|x86.ActiveCfg = Release|Any CPU
		{B8955457-F108-4060-A35B-69B482A19AB6}.Release|x86.Build.0 = Release|Any CPU
		{F452AE5A-D1B5-4A14-97D0-9E323E2C0871}.Debug|Any CPU.ActiveCfg = Debug|Any CPU
		{F452AE5A-D1B5-4A14-97D0-9E323E2C0871}.Debug|Any CPU.Build.0 = Debug|Any CPU
		{F452AE5A-D1B5-4A14-97D0-9E323E2C0871}.Debug|x64.ActiveCfg = Debug|Any CPU
		{F452AE5A-D1B5-4A14-97D0-9E323E2C0871}.Debug|x64.Build.0 = Debug|Any CPU
		{F452AE5A-D1B5-4A14-97D0-9E323E2C0871}.Debug|x86.ActiveCfg = Debug|Any CPU
		{F452AE5A-D1B5-4A14-97D0-9E323E2C0871}.Debug|x86.Build.0 = Debug|Any CPU
		{F452AE5A-D1B5-4A14-97D0-9E323E2C0871}.Release|Any CPU.ActiveCfg = Release|Any CPU
		{F452AE5A-D1B5-4A14-97D0-9E323E2C0871}.Release|Any CPU.Build.0 = Release|Any CPU
		{F452AE5A-D1B5-4A14-97D0-9E323E2C0871}.Release|x64.ActiveCfg = Release|Any CPU
		{F452AE5A-D1B5-4A14-97D0-9E323E2C0871}.Release|x64.Build.0 = Release|Any CPU
		{F452AE5A-D1B5-4A14-97D0-9E323E2C0871}.Release|x86.ActiveCfg = Release|Any CPU
		{F452AE5A-D1B5-4A14-97D0-9E323E2C0871}.Release|x86.Build.0 = Release|Any CPU
		{B7F5815A-0E6D-4A6E-9520-3430B48E2A51}.Debug|Any CPU.ActiveCfg = Debug|Any CPU
		{B7F5815A-0E6D-4A6E-9520-3430B48E2A51}.Debug|Any CPU.Build.0 = Debug|Any CPU
		{B7F5815A-0E6D-4A6E-9520-3430B48E2A51}.Debug|x64.ActiveCfg = Debug|Any CPU
		{B7F5815A-0E6D-4A6E-9520-3430B48E2A51}.Debug|x64.Build.0 = Debug|Any CPU
		{B7F5815A-0E6D-4A6E-9520-3430B48E2A51}.Debug|x86.ActiveCfg = Debug|Any CPU
		{B7F5815A-0E6D-4A6E-9520-3430B48E2A51}.Debug|x86.Build.0 = Debug|Any CPU
		{B7F5815A-0E6D-4A6E-9520-3430B48E2A51}.Release|Any CPU.ActiveCfg = Release|Any CPU
		{B7F5815A-0E6D-4A6E-9520-3430B48E2A51}.Release|Any CPU.Build.0 = Release|Any CPU
		{B7F5815A-0E6D-4A6E-9520-3430B48E2A51}.Release|x64.ActiveCfg = Release|Any CPU
		{B7F5815A-0E6D-4A6E-9520-3430B48E2A51}.Release|x64.Build.0 = Release|Any CPU
		{B7F5815A-0E6D-4A6E-9520-3430B48E2A51}.Release|x86.ActiveCfg = Release|Any CPU
		{B7F5815A-0E6D-4A6E-9520-3430B48E2A51}.Release|x86.Build.0 = Release|Any CPU
		{EE24EFD7-A046-46E6-8A16-9640D85CB96A}.Debug|Any CPU.ActiveCfg = Debug|Any CPU
		{EE24EFD7-A046-46E6-8A16-9640D85CB96A}.Debug|Any CPU.Build.0 = Debug|Any CPU
		{EE24EFD7-A046-46E6-8A16-9640D85CB96A}.Debug|x64.ActiveCfg = Debug|Any CPU
		{EE24EFD7-A046-46E6-8A16-9640D85CB96A}.Debug|x64.Build.0 = Debug|Any CPU
		{EE24EFD7-A046-46E6-8A16-9640D85CB96A}.Debug|x86.ActiveCfg = Debug|Any CPU
		{EE24EFD7-A046-46E6-8A16-9640D85CB96A}.Debug|x86.Build.0 = Debug|Any CPU
		{EE24EFD7-A046-46E6-8A16-9640D85CB96A}.Release|Any CPU.ActiveCfg = Release|Any CPU
		{EE24EFD7-A046-46E6-8A16-9640D85CB96A}.Release|Any CPU.Build.0 = Release|Any CPU
		{EE24EFD7-A046-46E6-8A16-9640D85CB96A}.Release|x64.ActiveCfg = Release|Any CPU
		{EE24EFD7-A046-46E6-8A16-9640D85CB96A}.Release|x64.Build.0 = Release|Any CPU
		{EE24EFD7-A046-46E6-8A16-9640D85CB96A}.Release|x86.ActiveCfg = Release|Any CPU
		{EE24EFD7-A046-46E6-8A16-9640D85CB96A}.Release|x86.Build.0 = Release|Any CPU
		{83769E79-3760-4F70-A9CE-14B92B7428DA}.Debug|Any CPU.ActiveCfg = Debug|Any CPU
		{83769E79-3760-4F70-A9CE-14B92B7428DA}.Debug|Any CPU.Build.0 = Debug|Any CPU
		{83769E79-3760-4F70-A9CE-14B92B7428DA}.Debug|x64.ActiveCfg = Debug|Any CPU
		{83769E79-3760-4F70-A9CE-14B92B7428DA}.Debug|x64.Build.0 = Debug|Any CPU
		{83769E79-3760-4F70-A9CE-14B92B7428DA}.Debug|x86.ActiveCfg = Debug|Any CPU
		{83769E79-3760-4F70-A9CE-14B92B7428DA}.Debug|x86.Build.0 = Debug|Any CPU
		{83769E79-3760-4F70-A9CE-14B92B7428DA}.Release|Any CPU.ActiveCfg = Release|Any CPU
		{83769E79-3760-4F70-A9CE-14B92B7428DA}.Release|Any CPU.Build.0 = Release|Any CPU
		{83769E79-3760-4F70-A9CE-14B92B7428DA}.Release|x64.ActiveCfg = Release|Any CPU
		{83769E79-3760-4F70-A9CE-14B92B7428DA}.Release|x64.Build.0 = Release|Any CPU
		{83769E79-3760-4F70-A9CE-14B92B7428DA}.Release|x86.ActiveCfg = Release|Any CPU
		{83769E79-3760-4F70-A9CE-14B92B7428DA}.Release|x86.Build.0 = Release|Any CPU
		{F245EAFB-37AA-4CC0-A36D-25340799F93B}.Debug|Any CPU.ActiveCfg = Debug|Any CPU
		{F245EAFB-37AA-4CC0-A36D-25340799F93B}.Debug|Any CPU.Build.0 = Debug|Any CPU
		{F245EAFB-37AA-4CC0-A36D-25340799F93B}.Debug|x64.ActiveCfg = Debug|Any CPU
		{F245EAFB-37AA-4CC0-A36D-25340799F93B}.Debug|x64.Build.0 = Debug|Any CPU
		{F245EAFB-37AA-4CC0-A36D-25340799F93B}.Debug|x86.ActiveCfg = Debug|Any CPU
		{F245EAFB-37AA-4CC0-A36D-25340799F93B}.Debug|x86.Build.0 = Debug|Any CPU
		{F245EAFB-37AA-4CC0-A36D-25340799F93B}.Release|Any CPU.ActiveCfg = Release|Any CPU
		{F245EAFB-37AA-4CC0-A36D-25340799F93B}.Release|Any CPU.Build.0 = Release|Any CPU
		{F245EAFB-37AA-4CC0-A36D-25340799F93B}.Release|x64.ActiveCfg = Release|Any CPU
		{F245EAFB-37AA-4CC0-A36D-25340799F93B}.Release|x64.Build.0 = Release|Any CPU
		{F245EAFB-37AA-4CC0-A36D-25340799F93B}.Release|x86.ActiveCfg = Release|Any CPU
		{F245EAFB-37AA-4CC0-A36D-25340799F93B}.Release|x86.Build.0 = Release|Any CPU
		{34800AED-055A-4374-A279-18F834B17EBC}.Debug|Any CPU.ActiveCfg = Debug|Any CPU
		{34800AED-055A-4374-A279-18F834B17EBC}.Debug|Any CPU.Build.0 = Debug|Any CPU
		{34800AED-055A-4374-A279-18F834B17EBC}.Debug|x64.ActiveCfg = Debug|Any CPU
		{34800AED-055A-4374-A279-18F834B17EBC}.Debug|x64.Build.0 = Debug|Any CPU
		{34800AED-055A-4374-A279-18F834B17EBC}.Debug|x86.ActiveCfg = Debug|Any CPU
		{34800AED-055A-4374-A279-18F834B17EBC}.Debug|x86.Build.0 = Debug|Any CPU
		{34800AED-055A-4374-A279-18F834B17EBC}.Release|Any CPU.ActiveCfg = Release|Any CPU
		{34800AED-055A-4374-A279-18F834B17EBC}.Release|Any CPU.Build.0 = Release|Any CPU
		{34800AED-055A-4374-A279-18F834B17EBC}.Release|x64.ActiveCfg = Release|Any CPU
		{34800AED-055A-4374-A279-18F834B17EBC}.Release|x64.Build.0 = Release|Any CPU
		{34800AED-055A-4374-A279-18F834B17EBC}.Release|x86.ActiveCfg = Release|Any CPU
		{34800AED-055A-4374-A279-18F834B17EBC}.Release|x86.Build.0 = Release|Any CPU
		{3ACDA348-EB68-487B-B76B-DB5BAC9318F5}.Debug|Any CPU.ActiveCfg = Debug|Any CPU
		{3ACDA348-EB68-487B-B76B-DB5BAC9318F5}.Debug|Any CPU.Build.0 = Debug|Any CPU
		{3ACDA348-EB68-487B-B76B-DB5BAC9318F5}.Debug|x64.ActiveCfg = Debug|Any CPU
		{3ACDA348-EB68-487B-B76B-DB5BAC9318F5}.Debug|x64.Build.0 = Debug|Any CPU
		{3ACDA348-EB68-487B-B76B-DB5BAC9318F5}.Debug|x86.ActiveCfg = Debug|Any CPU
		{3ACDA348-EB68-487B-B76B-DB5BAC9318F5}.Debug|x86.Build.0 = Debug|Any CPU
		{3ACDA348-EB68-487B-B76B-DB5BAC9318F5}.Release|Any CPU.ActiveCfg = Release|Any CPU
		{3ACDA348-EB68-487B-B76B-DB5BAC9318F5}.Release|Any CPU.Build.0 = Release|Any CPU
		{3ACDA348-EB68-487B-B76B-DB5BAC9318F5}.Release|x64.ActiveCfg = Release|Any CPU
		{3ACDA348-EB68-487B-B76B-DB5BAC9318F5}.Release|x64.Build.0 = Release|Any CPU
		{3ACDA348-EB68-487B-B76B-DB5BAC9318F5}.Release|x86.ActiveCfg = Release|Any CPU
		{3ACDA348-EB68-487B-B76B-DB5BAC9318F5}.Release|x86.Build.0 = Release|Any CPU
		{A4E7F6C5-21E5-452C-8C1A-A43D0B4F6FBF}.Debug|Any CPU.ActiveCfg = Debug|Any CPU
		{A4E7F6C5-21E5-452C-8C1A-A43D0B4F6FBF}.Debug|Any CPU.Build.0 = Debug|Any CPU
		{A4E7F6C5-21E5-452C-8C1A-A43D0B4F6FBF}.Debug|x64.ActiveCfg = Debug|Any CPU
		{A4E7F6C5-21E5-452C-8C1A-A43D0B4F6FBF}.Debug|x64.Build.0 = Debug|Any CPU
		{A4E7F6C5-21E5-452C-8C1A-A43D0B4F6FBF}.Debug|x86.ActiveCfg = Debug|Any CPU
		{A4E7F6C5-21E5-452C-8C1A-A43D0B4F6FBF}.Debug|x86.Build.0 = Debug|Any CPU
		{A4E7F6C5-21E5-452C-8C1A-A43D0B4F6FBF}.Release|Any CPU.ActiveCfg = Release|Any CPU
		{A4E7F6C5-21E5-452C-8C1A-A43D0B4F6FBF}.Release|Any CPU.Build.0 = Release|Any CPU
		{A4E7F6C5-21E5-452C-8C1A-A43D0B4F6FBF}.Release|x64.ActiveCfg = Release|Any CPU
		{A4E7F6C5-21E5-452C-8C1A-A43D0B4F6FBF}.Release|x64.Build.0 = Release|Any CPU
		{A4E7F6C5-21E5-452C-8C1A-A43D0B4F6FBF}.Release|x86.ActiveCfg = Release|Any CPU
		{A4E7F6C5-21E5-452C-8C1A-A43D0B4F6FBF}.Release|x86.Build.0 = Release|Any CPU
		{D3D21B45-26B4-4A04-84B0-71FB4195436D}.Debug|Any CPU.ActiveCfg = Debug|Any CPU
		{D3D21B45-26B4-4A04-84B0-71FB4195436D}.Debug|Any CPU.Build.0 = Debug|Any CPU
		{D3D21B45-26B4-4A04-84B0-71FB4195436D}.Debug|x64.ActiveCfg = Debug|Any CPU
		{D3D21B45-26B4-4A04-84B0-71FB4195436D}.Debug|x64.Build.0 = Debug|Any CPU
		{D3D21B45-26B4-4A04-84B0-71FB4195436D}.Debug|x86.ActiveCfg = Debug|Any CPU
		{D3D21B45-26B4-4A04-84B0-71FB4195436D}.Debug|x86.Build.0 = Debug|Any CPU
		{D3D21B45-26B4-4A04-84B0-71FB4195436D}.Release|Any CPU.ActiveCfg = Release|Any CPU
		{D3D21B45-26B4-4A04-84B0-71FB4195436D}.Release|Any CPU.Build.0 = Release|Any CPU
		{D3D21B45-26B4-4A04-84B0-71FB4195436D}.Release|x64.ActiveCfg = Release|Any CPU
		{D3D21B45-26B4-4A04-84B0-71FB4195436D}.Release|x64.Build.0 = Release|Any CPU
		{D3D21B45-26B4-4A04-84B0-71FB4195436D}.Release|x86.ActiveCfg = Release|Any CPU
		{D3D21B45-26B4-4A04-84B0-71FB4195436D}.Release|x86.Build.0 = Release|Any CPU
		{9898BD8E-1DB1-4EC5-9AF8-220B9055981C}.Debug|Any CPU.ActiveCfg = Debug|Any CPU
		{9898BD8E-1DB1-4EC5-9AF8-220B9055981C}.Debug|Any CPU.Build.0 = Debug|Any CPU
		{9898BD8E-1DB1-4EC5-9AF8-220B9055981C}.Debug|x64.ActiveCfg = Debug|Any CPU
		{9898BD8E-1DB1-4EC5-9AF8-220B9055981C}.Debug|x64.Build.0 = Debug|Any CPU
		{9898BD8E-1DB1-4EC5-9AF8-220B9055981C}.Debug|x86.ActiveCfg = Debug|Any CPU
		{9898BD8E-1DB1-4EC5-9AF8-220B9055981C}.Debug|x86.Build.0 = Debug|Any CPU
		{9898BD8E-1DB1-4EC5-9AF8-220B9055981C}.Release|Any CPU.ActiveCfg = Release|Any CPU
		{9898BD8E-1DB1-4EC5-9AF8-220B9055981C}.Release|Any CPU.Build.0 = Release|Any CPU
		{9898BD8E-1DB1-4EC5-9AF8-220B9055981C}.Release|x64.ActiveCfg = Release|Any CPU
		{9898BD8E-1DB1-4EC5-9AF8-220B9055981C}.Release|x64.Build.0 = Release|Any CPU
		{9898BD8E-1DB1-4EC5-9AF8-220B9055981C}.Release|x86.ActiveCfg = Release|Any CPU
		{9898BD8E-1DB1-4EC5-9AF8-220B9055981C}.Release|x86.Build.0 = Release|Any CPU
		{1576ABF4-6E4E-4ADA-8A88-8F4544BD9870}.Debug|Any CPU.ActiveCfg = Debug|Any CPU
		{1576ABF4-6E4E-4ADA-8A88-8F4544BD9870}.Debug|Any CPU.Build.0 = Debug|Any CPU
		{1576ABF4-6E4E-4ADA-8A88-8F4544BD9870}.Debug|x64.ActiveCfg = Debug|Any CPU
		{1576ABF4-6E4E-4ADA-8A88-8F4544BD9870}.Debug|x64.Build.0 = Debug|Any CPU
		{1576ABF4-6E4E-4ADA-8A88-8F4544BD9870}.Debug|x86.ActiveCfg = Debug|Any CPU
		{1576ABF4-6E4E-4ADA-8A88-8F4544BD9870}.Debug|x86.Build.0 = Debug|Any CPU
		{1576ABF4-6E4E-4ADA-8A88-8F4544BD9870}.Release|Any CPU.ActiveCfg = Release|Any CPU
		{1576ABF4-6E4E-4ADA-8A88-8F4544BD9870}.Release|Any CPU.Build.0 = Release|Any CPU
		{1576ABF4-6E4E-4ADA-8A88-8F4544BD9870}.Release|x64.ActiveCfg = Release|Any CPU
		{1576ABF4-6E4E-4ADA-8A88-8F4544BD9870}.Release|x64.Build.0 = Release|Any CPU
		{1576ABF4-6E4E-4ADA-8A88-8F4544BD9870}.Release|x86.ActiveCfg = Release|Any CPU
		{1576ABF4-6E4E-4ADA-8A88-8F4544BD9870}.Release|x86.Build.0 = Release|Any CPU
		{22A41E52-F75A-4477-BD4D-D763DF67CD80}.Debug|Any CPU.ActiveCfg = Debug|Any CPU
		{22A41E52-F75A-4477-BD4D-D763DF67CD80}.Debug|Any CPU.Build.0 = Debug|Any CPU
		{22A41E52-F75A-4477-BD4D-D763DF67CD80}.Debug|x64.ActiveCfg = Debug|Any CPU
		{22A41E52-F75A-4477-BD4D-D763DF67CD80}.Debug|x64.Build.0 = Debug|Any CPU
		{22A41E52-F75A-4477-BD4D-D763DF67CD80}.Debug|x86.ActiveCfg = Debug|Any CPU
		{22A41E52-F75A-4477-BD4D-D763DF67CD80}.Debug|x86.Build.0 = Debug|Any CPU
		{22A41E52-F75A-4477-BD4D-D763DF67CD80}.Release|Any CPU.ActiveCfg = Release|Any CPU
		{22A41E52-F75A-4477-BD4D-D763DF67CD80}.Release|Any CPU.Build.0 = Release|Any CPU
		{22A41E52-F75A-4477-BD4D-D763DF67CD80}.Release|x64.ActiveCfg = Release|Any CPU
		{22A41E52-F75A-4477-BD4D-D763DF67CD80}.Release|x64.Build.0 = Release|Any CPU
		{22A41E52-F75A-4477-BD4D-D763DF67CD80}.Release|x86.ActiveCfg = Release|Any CPU
		{22A41E52-F75A-4477-BD4D-D763DF67CD80}.Release|x86.Build.0 = Release|Any CPU
		{B165E5A1-6ACA-4C8B-BD89-FE064209A893}.Debug|Any CPU.ActiveCfg = Debug|Any CPU
		{B165E5A1-6ACA-4C8B-BD89-FE064209A893}.Debug|Any CPU.Build.0 = Debug|Any CPU
		{B165E5A1-6ACA-4C8B-BD89-FE064209A893}.Debug|x64.ActiveCfg = Debug|Any CPU
		{B165E5A1-6ACA-4C8B-BD89-FE064209A893}.Debug|x64.Build.0 = Debug|Any CPU
		{B165E5A1-6ACA-4C8B-BD89-FE064209A893}.Debug|x86.ActiveCfg = Debug|Any CPU
		{B165E5A1-6ACA-4C8B-BD89-FE064209A893}.Debug|x86.Build.0 = Debug|Any CPU
		{B165E5A1-6ACA-4C8B-BD89-FE064209A893}.Release|Any CPU.ActiveCfg = Release|Any CPU
		{B165E5A1-6ACA-4C8B-BD89-FE064209A893}.Release|Any CPU.Build.0 = Release|Any CPU
		{B165E5A1-6ACA-4C8B-BD89-FE064209A893}.Release|x64.ActiveCfg = Release|Any CPU
		{B165E5A1-6ACA-4C8B-BD89-FE064209A893}.Release|x64.Build.0 = Release|Any CPU
		{B165E5A1-6ACA-4C8B-BD89-FE064209A893}.Release|x86.ActiveCfg = Release|Any CPU
		{B165E5A1-6ACA-4C8B-BD89-FE064209A893}.Release|x86.Build.0 = Release|Any CPU
		{9012BAC2-D754-4B94-86C8-FBC752D6ADDC}.Debug|Any CPU.ActiveCfg = Debug|Any CPU
		{9012BAC2-D754-4B94-86C8-FBC752D6ADDC}.Debug|Any CPU.Build.0 = Debug|Any CPU
		{9012BAC2-D754-4B94-86C8-FBC752D6ADDC}.Debug|x64.ActiveCfg = Debug|Any CPU
		{9012BAC2-D754-4B94-86C8-FBC752D6ADDC}.Debug|x64.Build.0 = Debug|Any CPU
		{9012BAC2-D754-4B94-86C8-FBC752D6ADDC}.Debug|x86.ActiveCfg = Debug|Any CPU
		{9012BAC2-D754-4B94-86C8-FBC752D6ADDC}.Debug|x86.Build.0 = Debug|Any CPU
		{9012BAC2-D754-4B94-86C8-FBC752D6ADDC}.Release|Any CPU.ActiveCfg = Release|Any CPU
		{9012BAC2-D754-4B94-86C8-FBC752D6ADDC}.Release|Any CPU.Build.0 = Release|Any CPU
		{9012BAC2-D754-4B94-86C8-FBC752D6ADDC}.Release|x64.ActiveCfg = Release|Any CPU
		{9012BAC2-D754-4B94-86C8-FBC752D6ADDC}.Release|x64.Build.0 = Release|Any CPU
		{9012BAC2-D754-4B94-86C8-FBC752D6ADDC}.Release|x86.ActiveCfg = Release|Any CPU
		{9012BAC2-D754-4B94-86C8-FBC752D6ADDC}.Release|x86.Build.0 = Release|Any CPU
		{2E08820B-F1E9-4062-A6A3-8815DBB86576}.Debug|Any CPU.ActiveCfg = Debug|Any CPU
		{2E08820B-F1E9-4062-A6A3-8815DBB86576}.Debug|Any CPU.Build.0 = Debug|Any CPU
		{2E08820B-F1E9-4062-A6A3-8815DBB86576}.Debug|x64.ActiveCfg = Debug|Any CPU
		{2E08820B-F1E9-4062-A6A3-8815DBB86576}.Debug|x64.Build.0 = Debug|Any CPU
		{2E08820B-F1E9-4062-A6A3-8815DBB86576}.Debug|x86.ActiveCfg = Debug|Any CPU
		{2E08820B-F1E9-4062-A6A3-8815DBB86576}.Debug|x86.Build.0 = Debug|Any CPU
		{2E08820B-F1E9-4062-A6A3-8815DBB86576}.Release|Any CPU.ActiveCfg = Release|Any CPU
		{2E08820B-F1E9-4062-A6A3-8815DBB86576}.Release|Any CPU.Build.0 = Release|Any CPU
		{2E08820B-F1E9-4062-A6A3-8815DBB86576}.Release|x64.ActiveCfg = Release|Any CPU
		{2E08820B-F1E9-4062-A6A3-8815DBB86576}.Release|x64.Build.0 = Release|Any CPU
		{2E08820B-F1E9-4062-A6A3-8815DBB86576}.Release|x86.ActiveCfg = Release|Any CPU
		{2E08820B-F1E9-4062-A6A3-8815DBB86576}.Release|x86.Build.0 = Release|Any CPU
		{F3254331-23DF-4CBC-8DCC-5A5770BA5969}.Debug|Any CPU.ActiveCfg = Debug|Any CPU
		{F3254331-23DF-4CBC-8DCC-5A5770BA5969}.Debug|Any CPU.Build.0 = Debug|Any CPU
		{F3254331-23DF-4CBC-8DCC-5A5770BA5969}.Debug|x64.ActiveCfg = Debug|Any CPU
		{F3254331-23DF-4CBC-8DCC-5A5770BA5969}.Debug|x64.Build.0 = Debug|Any CPU
		{F3254331-23DF-4CBC-8DCC-5A5770BA5969}.Debug|x86.ActiveCfg = Debug|Any CPU
		{F3254331-23DF-4CBC-8DCC-5A5770BA5969}.Debug|x86.Build.0 = Debug|Any CPU
		{F3254331-23DF-4CBC-8DCC-5A5770BA5969}.Release|Any CPU.ActiveCfg = Release|Any CPU
		{F3254331-23DF-4CBC-8DCC-5A5770BA5969}.Release|Any CPU.Build.0 = Release|Any CPU
		{F3254331-23DF-4CBC-8DCC-5A5770BA5969}.Release|x64.ActiveCfg = Release|Any CPU
		{F3254331-23DF-4CBC-8DCC-5A5770BA5969}.Release|x64.Build.0 = Release|Any CPU
		{F3254331-23DF-4CBC-8DCC-5A5770BA5969}.Release|x86.ActiveCfg = Release|Any CPU
		{F3254331-23DF-4CBC-8DCC-5A5770BA5969}.Release|x86.Build.0 = Release|Any CPU
	EndGlobalSection
	GlobalSection(SolutionProperties) = preSolution
		HideSolutionNode = FALSE
	EndGlobalSection
	GlobalSection(NestedProjects) = preSolution
		{1EE9E83B-FD37-42FA-A263-EEE93479AD45} = {B679F7C1-1A79-483F-881B-9766486D6913}
		{0ACF6F33-A700-47FD-AA61-5E0B3B4B8F80} = {4167B6D6-9FDE-4B03-88B2-8C03E6B9BB7A}
		{BFF52B2B-D048-47A2-B3E3-029F057D5508} = {B679F7C1-1A79-483F-881B-9766486D6913}
		{6A9E6268-E856-4072-8B74-06F710D5CA33} = {FF834286-A32A-4231-87B2-CECC0A7BE243}
		{B8955457-F108-4060-A35B-69B482A19AB6} = {7B5FA24B-DACA-4FD3-AEC1-83A907D378F3}
		{A35141A9-B1B8-48BA-9395-112FEF88158D} = {7B5FA24B-DACA-4FD3-AEC1-83A907D378F3}
		{F452AE5A-D1B5-4A14-97D0-9E323E2C0871} = {7B5FA24B-DACA-4FD3-AEC1-83A907D378F3}
		{B7F5815A-0E6D-4A6E-9520-3430B48E2A51} = {C570A20C-22AE-4818-B368-761462546588}
		{EE24EFD7-A046-46E6-8A16-9640D85CB96A} = {A35141A9-B1B8-48BA-9395-112FEF88158D}
		{83769E79-3760-4F70-A9CE-14B92B7428DA} = {A35141A9-B1B8-48BA-9395-112FEF88158D}
		{F245EAFB-37AA-4CC0-A36D-25340799F93B} = {A35141A9-B1B8-48BA-9395-112FEF88158D}
		{34800AED-055A-4374-A279-18F834B17EBC} = {C570A20C-22AE-4818-B368-761462546588}
		{3ACDA348-EB68-487B-B76B-DB5BAC9318F5} = {4167B6D6-9FDE-4B03-88B2-8C03E6B9BB7A}
		{85FDDC41-FC4F-4119-BD40-6C6E2995DFE0} = {7B5FA24B-DACA-4FD3-AEC1-83A907D378F3}
		{A4E7F6C5-21E5-452C-8C1A-A43D0B4F6FBF} = {85FDDC41-FC4F-4119-BD40-6C6E2995DFE0}
		{D3D21B45-26B4-4A04-84B0-71FB4195436D} = {85FDDC41-FC4F-4119-BD40-6C6E2995DFE0}
		{9898BD8E-1DB1-4EC5-9AF8-220B9055981C} = {A2794EA0-6309-4CEF-9D32-6FC0BC5A8D45}
		{1576ABF4-6E4E-4ADA-8A88-8F4544BD9870} = {A2794EA0-6309-4CEF-9D32-6FC0BC5A8D45}
		{22A41E52-F75A-4477-BD4D-D763DF67CD80} = {A2794EA0-6309-4CEF-9D32-6FC0BC5A8D45}
		{B165E5A1-6ACA-4C8B-BD89-FE064209A893} = {A35141A9-B1B8-48BA-9395-112FEF88158D}
		{9012BAC2-D754-4B94-86C8-FBC752D6ADDC} = {A35141A9-B1B8-48BA-9395-112FEF88158D}
		{2E08820B-F1E9-4062-A6A3-8815DBB86576} = {B679F7C1-1A79-483F-881B-9766486D6913}
		{F3254331-23DF-4CBC-8DCC-5A5770BA5969} = {B679F7C1-1A79-483F-881B-9766486D6913}
	EndGlobalSection
EndGlobal
